{
  "name": "BudgetBox",
  "lockfileVersion": 3,
  "requires": true,
  "packages": {
    "": {
      "dependencies": {
        "@lottiefiles/react-lottie-player": "^3.6.0"
      }
    },
    "node_modules/@lottiefiles/react-lottie-player": {
      "version": "3.6.0",
      "resolved": "https://registry.npmjs.org/@lottiefiles/react-lottie-player/-/react-lottie-player-3.6.0.tgz",
      "integrity": "sha512-WK5TriLJT93VF3w4IjSVyveiedraZCnDhKzCPhpbeLgQeMi6zufxa3dXNc4HmAFRXq+LULPAy+Idv1rAfkReMA==",
      "license": "MIT",
      "dependencies": {
        "lottie-web": "^5.12.2"
      },
      "peerDependencies": {
        "react": "16 - 19"
      }
    },
    "node_modules/lottie-web": {
      "version": "5.13.0",
      "resolved": "https://registry.npmjs.org/lottie-web/-/lottie-web-5.13.0.tgz",
      "integrity": "sha512-+gfBXl6sxXMPe8tKQm7qzLnUy5DUPJPKIyRHwtpCpyUEYjHYRJC/5gjUvdkuO2c3JllrPtHXH5UJJK8LRYl5yQ==",
      "license": "MIT"
    },
    "node_modules/react": {
      "version": "19.2.1",
      "resolved": "https://registry.npmjs.org/react/-/react-19.2.1.tgz",
      "integrity": "sha512-DGrYcCWK7tvYMnWh79yrPHt+vdx9tY+1gPZa7nJQtO/p8bLTDaHp4dzwEhQB7pZ4Xe3ok4XKuEPrVuc+wlpkmw==",
      "license": "MIT",
      "peer": true,
      "engines": {
        "node": ">=0.10.0"
      }
    }
  }
}
